
Microsoft Visual Studio Solution File, Format Version 9.00
# Visual Studio 2005
Project("{8BC9CEB8-8B4A-11D0-8D11-00A0C91BC942}") = "AStarZbb", "AStarZbb.vcproj", "{748719C5-1575-41CF-BDC1-D8D756FAAF10}"
EndProject
Global
	GlobalSection(SolutionConfigurationPlatforms) = preSolution
		Debug|Win32 = Debug|Win32
		Release|Win32 = Release|Win32
	EndGlobalSection
	GlobalSection(ProjectConfigurationPlatforms) = postSolution
		{748719C5-1575-41CF-BDC1-D8D756FAAF10}.Debug|Win32.ActiveCfg = Debug|Win32
		{748719C5-1575-41CF-BDC1-D8D756FAAF10}.Debug|Win32.Build.0 = Debug|Win32
		{748719C5-1575-41CF-BDC1-D8D756FAAF10}.Release|Win32.ActiveCfg = Release|Win32
		{748719C5-1575-41CF-BDC1-D8D756FAAF10}.Release|Win32.Build.0 = Release|Win32
	EndGlobalSection
	GlobalSection(SolutionProperties) = preSolution
		HideSolutionNode = FALSE
	EndGlobalSection
EndGlobal
